
Microsoft Visual Studio Solution File, Format Version 12.00
# Visual Studio Version 17
VisualStudioVersion = 17.8.34330.188
MinimumVisualStudioVersion = 10.0.40219.1
Project("{FAE04EC0-301F-11D3-BF4B-00C04F79EFBC}") = "App1", "App1\App1.csproj", "{1EDBBCFD-7ED7-404F-83B0-3D09C3737317}"
EndProject
Project("{FAE04EC0-301F-11D3-BF4B-00C04F79EFBC}") = "App2", "App2\App2.csproj", "{DF47CBD3-5F1F-4FE4-B854-E128A80DB132}"
EndProject
Global
	GlobalSection(SolutionConfigurationPlatforms) = preSolution
		Debug|ARM = Debug|ARM
		Debug|ARM64 = Debug|ARM64
		Debug|x64 = Debug|x64
		Debug|x86 = Debug|x86
		Release|ARM = Release|ARM
		Release|ARM64 = Release|ARM64
		Release|x64 = Release|x64
		Release|x86 = Release|x86
	EndGlobalSection
	GlobalSection(ProjectConfigurationPlatforms) = postSolution
		{1EDBBCFD-7ED7-404F-83B0-3D09C3737317}.Debug|ARM.ActiveCfg = Debug|ARM
		{1EDBBCFD-7ED7-404F-83B0-3D09C3737317}.Debug|ARM.Build.0 = Debug|ARM
		{1EDBBCFD-7ED7-404F-83B0-3D09C3737317}.Debug|ARM.Deploy.0 = Debug|ARM
		{1EDBBCFD-7ED7-404F-83B0-3D09C3737317}.Debug|ARM64.ActiveCfg = Debug|ARM64
		{1EDBBCFD-7ED7-404F-83B0-3D09C3737317}.Debug|ARM64.Build.0 = Debug|ARM64
		{1EDBBCFD-7ED7-404F-83B0-3D09C3737317}.Debug|ARM64.Deploy.0 = Debug|ARM64
		{1EDBBCFD-7ED7-404F-83B0-3D09C3737317}.Debug|x64.ActiveCfg = Debug|x64
		{1EDBBCFD-7ED7-404F-83B0-3D09C3737317}.Debug|x64.Build.0 = Debug|x64
		{1EDBBCFD-7ED7-404F-83B0-3D09C3737317}.Debug|x64.Deploy.0 = Debug|x64
		{1EDBBCFD-7ED7-404F-83B0-3D09C3737317}.Debug|x86.ActiveCfg = Debug|x86
		{1EDBBCFD-7ED7-404F-83B0-3D09C3737317}.Debug|x86.Build.0 = Debug|x86
		{1EDBBCFD-7ED7-404F-83B0-3D09C3737317}.Debug|x86.Deploy.0 = Debug|x86
		{1EDBBCFD-7ED7-404F-83B0-3D09C3737317}.Release|ARM.ActiveCfg = Release|ARM
		{1EDBBCFD-7ED7-404F-83B0-3D09C3737317}.Release|ARM.Build.0 = Release|ARM
		{1EDBBCFD-7ED7-404F-83B0-3D09C3737317}.Release|ARM.Deploy.0 = Release|ARM
		{1EDBBCFD-7ED7-404F-83B0-3D09C3737317}.Release|ARM64.ActiveCfg = Release|ARM64
		{1EDBBCFD-7ED7-404F-83B0-3D09C3737317}.Release|ARM64.Build.0 = Release|ARM64
		{1EDBBCFD-7ED7-404F-83B0-3D09C3737317}.Release|ARM64.Deploy.0 = Release|ARM64
		{1EDBBCFD-7ED7-404F-83B0-3D09C3737317}.Release|x64.ActiveCfg = Release|x64
		{1EDBBCFD-7ED7-404F-83B0-3D09C3737317}.Release|x64.Build.0 = Release|x64
		{1EDBBCFD-7ED7-404F-83B0-3D09C3737317}.Release|x64.Deploy.0 = Release|x64
		{1EDBBCFD-7ED7-404F-83B0-3D09C3737317}.Release|x86.ActiveCfg = Release|x86
		{1EDBBCFD-7ED7-404F-83B0-3D09C3737317}.Release|x86.Build.0 = Release|x86
		{1EDBBCFD-7ED7-404F-83B0-3D09C3737317}.Release|x86.Deploy.0 = Release|x86
		{DF47CBD3-5F1F-4FE4-B854-E128A80DB132}.Debug|ARM.ActiveCfg = Debug|ARM
		{DF47CBD3-5F1F-4FE4-B854-E128A80DB132}.Debug|ARM.Build.0 = Debug|ARM
		{DF47CBD3-5F1F-4FE4-B854-E128A80DB132}.Debug|ARM.Deploy.0 = Debug|ARM
		{DF47CBD3-5F1F-4FE4-B854-E128A80DB132}.Debug|ARM64.ActiveCfg = Debug|ARM64
		{DF47CBD3-5F1F-4FE4-B854-E128A80DB132}.Debug|ARM64.Build.0 = Debug|ARM64
		{DF47CBD3-5F1F-4FE4-B854-E128A80DB132}.Debug|ARM64.Deploy.0 = Debug|ARM64
		{DF47CBD3-5F1F-4FE4-B854-E128A80DB132}.Debug|x64.ActiveCfg = Debug|x64
		{DF47CBD3-5F1F-4FE4-B854-E128A80DB132}.Debug|x64.Build.0 = Debug|x64
		{DF47CBD3-5F1F-4FE4-B854-E128A80DB132}.Debug|x64.Deploy.0 = Debug|x64
		{DF47CBD3-5F1F-4FE4-B854-E128A80DB132}.Debug|x86.ActiveCfg = Debug|x86
		{DF47CBD3-5F1F-4FE4-B854-E128A80DB132}.Debug|x86.Build.0 = Debug|x86
		{DF47CBD3-5F1F-4FE4-B854-E128A80DB132}.Debug|x86.Deploy.0 = Debug|x86
		{DF47CBD3-5F1F-4FE4-B854-E128A80DB132}.Release|ARM.ActiveCfg = Release|ARM
		{DF47CBD3-5F1F-4FE4-B854-E128A80DB132}.Release|ARM.Build.0 = Release|ARM
		{DF47CBD3-5F1F-4FE4-B854-E128A80DB132}.Release|ARM.Deploy.0 = Release|ARM
		{DF47CBD3-5F1F-4FE4-B854-E128A80DB132}.Release|ARM64.ActiveCfg = Release|ARM64
		{DF47CBD3-5F1F-4FE4-B854-E128A80DB132}.Release|ARM64.Build.0 = Release|ARM64
		{DF47CBD3-5F1F-4FE4-B854-E128A80DB132}.Release|ARM64.Deploy.0 = Release|ARM64
		{DF47CBD3-5F1F-4FE4-B854-E128A80DB132}.Release|x64.ActiveCfg = Release|x64
		{DF47CBD3-5F1F-4FE4-B854-E128A80DB132}.Release|x64.Build.0 = Release|x64
		{DF47CBD3-5F1F-4FE4-B854-E128A80DB132}.Release|x64.Deploy.0 = Release|x64
		{DF47CBD3-5F1F-4FE4-B854-E128A80DB132}.Release|x86.ActiveCfg = Release|x86
		{DF47CBD3-5F1F-4FE4-B854-E128A80DB132}.Release|x86.Build.0 = Release|x86
		{DF47CBD3-5F1F-4FE4-B854-E128A80DB132}.Release|x86.Deploy.0 = Release|x86
	EndGlobalSection
	GlobalSection(SolutionProperties) = preSolution
		HideSolutionNode = FALSE
	EndGlobalSection
	GlobalSection(ExtensibilityGlobals) = postSolution
		SolutionGuid = {57A55565-6DA8-4D27-9DCE-EE53966B701C}
	EndGlobalSection
EndGlobal
